# This file is automatically @generated by Cargo.
# It is not intended for manual editing.
version = 4

[[package]]
name = "use-alignment"
version = "0.1.0"

[[package]]
name = "use-alphabet"
version = "0.1.0"

[[package]]
name = "use-amino-acid"
version = "0.1.0"

[[package]]
name = "use-annotation"
version = "0.1.0"

[[package]]
name = "use-bioinformatics"
version = "0.1.0"
dependencies = [
 "use-alignment",
 "use-alphabet",
 "use-amino-acid",
 "use-annotation",
 "use-feature",
 "use-genomic-range",
 "use-motif",
 "use-nucleotide",
 "use-residue",
 "use-sequence",
 "use-sequence-id",
]

[[package]]
name = "use-feature"
version = "0.1.0"
dependencies = [
 "use-annotation",
 "use-genomic-range",
]

[[package]]
name = "use-genomic-range"
version = "0.1.0"

[[package]]
name = "use-motif"
version = "0.1.0"
dependencies = [
 "use-genomic-range",
]

[[package]]
name = "use-nucleotide"
version = "0.1.0"

[[package]]
name = "use-residue"
version = "0.1.0"

[[package]]
name = "use-sequence"
version = "0.1.0"

[[package]]
name = "use-sequence-id"
version = "0.1.0"
